
Microsoft Visual Studio Solution File, Format Version 12.00
# Visual Studio Version 16
VisualStudioVersion = 16.0.29424.173
MinimumVisualStudioVersion = 10.0.40219.1
Project("{FAE04EC0-301F-11D3-BF4B-00C04F79EFBC}") = "ExemploLogin", "ExemploLogin.csproj", "{22AE4F4C-0169-4440-93DB-2B518D605A7C}"
EndProject
Global
	GlobalSection(SolutionConfigurationPlatforms) = preSolution
		Debug|Any CPU = Debug|Any CPU
		Release|Any CPU = Release|Any CPU
	EndGlobalSection
	GlobalSection(ProjectConfigurationPlatforms) = postSolution
		{22AE4F4C-0169-4440-93DB-2B518D605A7C}.Debug|Any CPU.ActiveCfg = Debug|Any CPU
		{22AE4F4C-0169-4440-93DB-2B518D605A7C}.Debug|Any CPU.Build.0 = Debug|Any CPU
		{22AE4F4C-0169-4440-93DB-2B518D605A7C}.Release|Any CPU.ActiveCfg = Release|Any CPU
		{22AE4F4C-0169-4440-93DB-2B518D605A7C}.Release|Any CPU.Build.0 = Release|Any CPU
	EndGlobalSection
	GlobalSection(SolutionProperties) = preSolution
		HideSolutionNode = FALSE
	EndGlobalSection
	GlobalSection(ExtensibilityGlobals) = postSolution
		SolutionGuid = {3E0DCD0E-CD17-4C80-A290-9DF1C0F8B3CF}
	EndGlobalSection
EndGlobal
